
Microsoft Visual Studio Solution File, Format Version 12.00
# Visual Studio 15
VisualStudioVersion = 15.0.27004.2009
MinimumVisualStudioVersion = 10.0.40219.1
Project("{FAE04EC0-301F-11D3-BF4B-00C04F79EFBC}") = "ATB", "ATB\ATB.csproj", "{5DB25C67-B07C-470E-AF55-3CB297B4BBD4}"
	ProjectSection(ProjectDependencies) = postProject
		{CFE95AEE-1A33-454D-9E4C-69E1104CACD3} = {CFE95AEE-1A33-454D-9E4C-69E1104CACD3}
	EndProjectSection
EndProject
Project("{FAE04EC0-301F-11D3-BF4B-00C04F79EFBC}") = "ATBLoader", "ATBLoader\ATBLoader.csproj", "{CFE95AEE-1A33-454D-9E4C-69E1104CACD3}"
EndProject
Global
	GlobalSection(SolutionConfigurationPlatforms) = preSolution
		Debug|Any CPU = Debug|Any CPU
		Release|Any CPU = Release|Any CPU
	EndGlobalSection
	GlobalSection(ProjectConfigurationPlatforms) = postSolution
		{5DB25C67-B07C-470E-AF55-3CB297B4BBD4}.Debug|Any CPU.ActiveCfg = Debug|Any CPU
		{5DB25C67-B07C-470E-AF55-3CB297B4BBD4}.Debug|Any CPU.Build.0 = Debug|Any CPU
		{5DB25C67-B07C-470E-AF55-3CB297B4BBD4}.Release|Any CPU.ActiveCfg = Release|Any CPU
		{5DB25C67-B07C-470E-AF55-3CB297B4BBD4}.Release|Any CPU.Build.0 = Release|Any CPU
		{CFE95AEE-1A33-454D-9E4C-69E1104CACD3}.Debug|Any CPU.ActiveCfg = Debug|Any CPU
		{CFE95AEE-1A33-454D-9E4C-69E1104CACD3}.Debug|Any CPU.Build.0 = Debug|Any CPU
		{CFE95AEE-1A33-454D-9E4C-69E1104CACD3}.Release|Any CPU.ActiveCfg = Release|Any CPU
		{CFE95AEE-1A33-454D-9E4C-69E1104CACD3}.Release|Any CPU.Build.0 = Release|Any CPU
	EndGlobalSection
	GlobalSection(SolutionProperties) = preSolution
		HideSolutionNode = FALSE
	EndGlobalSection
	GlobalSection(ExtensibilityGlobals) = postSolution
		SolutionGuid = {DEC47C4C-B9E8-4B64-8470-C7332C41641E}
	EndGlobalSection	
EndGlobal
